// !$*UTF8*$!
{
	archiveVersion = 1;
	classes = {
	};
	objectVersion = 50;
	objects = {

/* Begin PBXBuildFile section */
		6BA6A6642252F6B800C97E8E /* AppDelegate.m in Sources */ = {isa = PBXBuildFile; fileRef = 6BA6A6632252F6B800C97E8E /* AppDelegate.m */; };
		6BA6A6672252F6B800C97E8E /* ViewController.m in Sources */ = {isa = PBXBuildFile; fileRef = 6BA6A6662252F6B800C97E8E /* ViewController.m */; };
		6BA6A66A2252F6B800C97E8E /* Main.storyboard in Resources */ = {isa = PBXBuildFile; fileRef = 6BA6A6682252F6B800C97E8E /* Main.storyboard */; };
		6BA6A66C2252F6B900C97E8E /* Assets.xcassets in Resources */ = {isa = PBXBuildFile; fileRef = 6BA6A66B2252F6B900C97E8E /* Assets.xcassets */; };
		6BA6A66F2252F6B900C97E8E /* LaunchScreen.storyboard in Resources */ = {isa = PBXBuildFile; fileRef = 6BA6A66D2252F6B900C97E8E /* LaunchScreen.storyboard */; };
		6BA6A6722252F6B900C97E8E /* main.m in Sources */ = {isa = PBXBuildFile; fileRef = 6BA6A6712252F6B900C97E8E /* main.m */; };
		6BA6A67C2252F6B900C97E8E /* SZAvoidCrashTests.m in Sources */ = {isa = PBXBuildFile; fileRef = 6BA6A67B2252F6B900C97E8E /* SZAvoidCrashTests.m */; };
		6BA6A6872252F6B900C97E8E /* SZAvoidCrashUITests.m in Sources */ = {isa = PBXBuildFile; fileRef = 6BA6A6862252F6B900C97E8E /* SZAvoidCrashUITests.m */; };
/* End PBXBuildFile section */

/* Begin PBXContainerItemProxy section */
		6BA6A6782252F6B900C97E8E /* PBXContainerItemProxy */ = {
			isa = PBXContainerItemProxy;
			containerPortal = 6BA6A6572252F6B800C97E8E /* Project object */;
			proxyType = 1;
			remoteGlobalIDString = 6BA6A65E2252F6B800C97E8E;
			remoteInfo = SZAvoidCrash;
		};
		6BA6A6832252F6B900C97E8E /* PBXContainerItemProxy */ = {
			isa = PBXContainerItemProxy;
			containerPortal = 6BA6A6572252F6B800C97E8E /* Project object */;
			proxyType = 1;
			remoteGlobalIDString = 6BA6A65E2252F6B800C97E8E;
			remoteInfo = SZAvoidCrash;
		};
/* End PBXContainerItemProxy section */

/* Begin PBXFileReference section */
		6BA6A65F2252F6B800C97E8E /* SZAvoidCrash.app */ = {isa = PBXFileReference; explicitFileType = wrapper.application; includeInIndex = 0; path = SZAvoidCrash.app; sourceTree = BUILT_PRODUCTS_DIR; };
		6BA6A6622252F6B800C97E8E /* AppDelegate.h */ = {isa = PBXFileReference; lastKnownFileType = sourcecode.c.h; path = AppDelegate.h; sourceTree = "<group>"; };
		6BA6A6632252F6B800C97E8E /* AppDelegate.m */ = {isa = PBXFileReference; lastKnownFileType = sourcecode.c.objc; path = AppDelegate.m; sourceTree = "<group>"; };
		6BA6A6652252F6B800C97E8E /* ViewController.h */ = {isa = PBXFileReference; lastKnownFileType = sourcecode.c.h; path = ViewController.h; sourceTree = "<group>"; };
		6BA6A6662252F6B800C97E8E /* ViewController.m */ = {isa = PBXFileReference; lastKnownFileType = sourcecode.c.objc; path = ViewController.m; sourceTree = "<group>"; };
		6BA6A6692252F6B800C97E8E /* Base */ = {isa = PBXFileReference; lastKnownFileType = file.storyboard; name = Base; path = Base.lproj/Main.storyboard; sourceTree = "<group>"; };
		6BA6A66B2252F6B900C97E8E /* Assets.xcassets */ = {isa = PBXFileReference; lastKnownFileType = folder.assetcatalog; path = Assets.xcassets; sourceTree = "<group>"; };
		6BA6A66E2252F6B900C97E8E /* Base */ = {isa = PBXFileReference; lastKnownFileType = file.storyboard; name = Base; path = Base.lproj/LaunchScreen.storyboard; sourceTree = "<group>"; };
		6BA6A6702252F6B900C97E8E /* Info.plist */ = {isa = PBXFileReference; lastKnownFileType = text.plist.xml; path = Info.plist; sourceTree = "<group>"; };
		6BA6A6712252F6B900C97E8E /* main.m */ = {isa = PBXFileReference; lastKnownFileType = sourcecode.c.objc; path = main.m; sourceTree = "<group>"; };
		6BA6A6772252F6B900C97E8E /* SZAvoidCrashTests.xctest */ = {isa = PBXFileReference; explicitFileType = wrapper.cfbundle; includeInIndex = 0; path = SZAvoidCrashTests.xctest; sourceTree = BUILT_PRODUCTS_DIR; };
		6BA6A67B2252F6B900C97E8E /* SZAvoidCrashTests.m */ = {isa = PBXFileReference; lastKnownFileType = sourcecode.c.objc; path = SZAvoidCrashTests.m; sourceTree = "<group>"; };
		6BA6A67D2252F6B900C97E8E /* Info.plist */ = {isa = PBXFileReference; lastKnownFileType = text.plist.xml; path = Info.plist; sourceTree = "<group>"; };
		6BA6A6822252F6B900C97E8E /* SZAvoidCrashUITests.xctest */ = {isa = PBXFileReference; explicitFileType = wrapper.cfbundle; includeInIndex = 0; path = SZAvoidCrashUITests.xctest; sourceTree = BUILT_PRODUCTS_DIR; };
		6BA6A6862252F6B900C97E8E /* SZAvoidCrashUITests.m */ = {isa = PBXFileReference; lastKnownFileType = sourcecode.c.objc; path = SZAvoidCrashUITests.m; sourceTree = "<group>"; };
		6BA6A6882252F6B900C97E8E /* Info.plist */ = {isa = PBXFileReference; lastKnownFileType = text.plist.xml; path = Info.plist; sourceTree = "<group>"; };
/* End PBXFileReference section */

/* Begin PBXFrameworksBuildPhase section */
		6BA6A65C2252F6B800C97E8E /* Frameworks */ = {
			isa = PBXFrameworksBuildPhase;
			buildActionMask = 2147483647;
			files = (
			);
			runOnlyForDeploymentPostprocessing = 0;
		};
		6BA6A6742252F6B900C97E8E /* Frameworks */ = {
			isa = PBXFrameworksBuildPhase;
			buildActionMask = 2147483647;
			files = (
			);
			runOnlyForDeploymentPostprocessing = 0;
		};
		6BA6A67F2252F6B900C97E8E /* Frameworks */ = {
			isa = PBXFrameworksBuildPhase;
			buildActionMask = 2147483647;
			files = (
			);
			runOnlyForDeploymentPostprocessing = 0;
		};
/* End PBXFrameworksBuildPhase section */

/* Begin PBXGroup section */
		6BA6A6562252F6B800C97E8E = {
			isa = PBXGroup;
			children = (
				6BA6A6612252F6B800C97E8E /* SZAvoidCrash */,
				6BA6A67A2252F6B900C97E8E /* SZAvoidCrashTests */,
				6BA6A6852252F6B900C97E8E /* SZAvoidCrashUITests */,
				6BA6A6602252F6B800C97E8E /* Products */,
			);
			sourceTree = "<group>";
		};
		6BA6A6602252F6B800C97E8E /* Products */ = {
			isa = PBXGroup;
			children = (
				6BA6A65F2252F6B800C97E8E /* SZAvoidCrash.app */,
				6BA6A6772252F6B900C97E8E /* SZAvoidCrashTests.xctest */,
				6BA6A6822252F6B900C97E8E /* SZAvoidCrashUITests.xctest */,
			);
			name = Products;
			sourceTree = "<group>";
		};
		6BA6A6612252F6B800C97E8E /* SZAvoidCrash */ = {
			isa = PBXGroup;
			children = (
				6BA6A6622252F6B800C97E8E /* AppDelegate.h */,
				6BA6A6632252F6B800C97E8E /* AppDelegate.m */,
				6BA6A6652252F6B800C97E8E /* ViewController.h */,
				6BA6A6662252F6B800C97E8E /* ViewController.m */,
				6BA6A6682252F6B800C97E8E /* Main.storyboard */,
				6BA6A66B2252F6B900C97E8E /* Assets.xcassets */,
				6BA6A66D2252F6B900C97E8E /* LaunchScreen.storyboard */,
				6BA6A6702252F6B900C97E8E /* Info.plist */,
				6BA6A6712252F6B900C97E8E /* main.m */,
			);
			path = SZAvoidCrash;
			sourceTree = "<group>";
		};
		6BA6A67A2252F6B900C97E8E /* SZAvoidCrashTests */ = {
			isa = PBXGroup;
			children = (
				6BA6A67B2252F6B900C97E8E /* SZAvoidCrashTests.m */,
				6BA6A67D2252F6B900C97E8E /* Info.plist */,
			);
			path = SZAvoidCrashTests;
			sourceTree = "<group>";
		};
		6BA6A6852252F6B900C97E8E /* SZAvoidCrashUITests */ = {
			isa = PBXGroup;
			children = (
				6BA6A6862252F6B900C97E8E /* SZAvoidCrashUITests.m */,
				6BA6A6882252F6B900C97E8E /* Info.plist */,
			);
			path = SZAvoidCrashUITests;
			sourceTree = "<group>";
		};
/* End PBXGroup section */

/* Begin PBXNativeTarget section */
		6BA6A65E2252F6B800C97E8E /* SZAvoidCrash */ = {
			isa = PBXNativeTarget;
			buildConfigurationList = 6BA6A68B2252F6B900C97E8E /* Build configuration list for PBXNativeTarget "SZAvoidCrash" */;
			buildPhases = (
				6BA6A65B2252F6B800C97E8E /* Sources */,
				6BA6A65C2252F6B800C97E8E /* Frameworks */,
				6BA6A65D2252F6B800C97E8E /* Resources */,
			);
			buildRules = (
			);
			dependencies = (
			);
			name = SZAvoidCrash;
			productName = SZAvoidCrash;
			productReference = 6BA6A65F2252F6B800C97E8E /* SZAvoidCrash.app */;
			productType = "com.apple.product-type.application";
		};
		6BA6A6762252F6B900C97E8E /* SZAvoidCrashTests */ = {
			isa = PBXNativeTarget;
			buildConfigurationList = 6BA6A68E2252F6B900C97E8E /* Build configuration list for PBXNativeTarget "SZAvoidCrashTests" */;
			buildPhases = (
				6BA6A6732252F6B900C97E8E /* Sources */,
				6BA6A6742252F6B900C97E8E /* Frameworks */,
				6BA6A6752252F6B900C97E8E /* Resources */,
			);
			buildRules = (
			);
			dependencies = (
				6BA6A6792252F6B900C97E8E /* PBXTargetDependency */,
			);
			name = SZAvoidCrashTests;
			productName = SZAvoidCrashTests;
			productReference = 6BA6A6772252F6B900C97E8E /* SZAvoidCrashTests.xctest */;
			productType = "com.apple.product-type.bundle.unit-test";
		};
		6BA6A6812252F6B900C97E8E /* SZAvoidCrashUITests */ = {
			isa = PBXNativeTarget;
			buildConfigurationList = 6BA6A6912252F6B900C97E8E /* Build configuration list for PBXNativeTarget "SZAvoidCrashUITests" */;
			buildPhases = (
				6BA6A67E2252F6B900C97E8E /* Sources */,
				6BA6A67F2252F6B900C97E8E /* Frameworks */,
				6BA6A6802252F6B900C97E8E /* Resources */,
			);
			buildRules = (
			);
			dependencies = (
				6BA6A6842252F6B900C97E8E /* PBXTargetDependency */,
			);
			name = SZAvoidCrashUITests;
			productName = SZAvoidCrashUITests;
			productReference = 6BA6A6822252F6B900C97E8E /* SZAvoidCrashUITests.xctest */;
			productType = "com.apple.product-type.bundle.ui-testing";
		};
/* End PBXNativeTarget section */

/* Begin PBXProject section */
		6BA6A6572252F6B800C97E8E /* Project object */ = {
			isa = PBXProject;
			attributes = {
				LastUpgradeCheck = 1010;
				ORGANIZATIONNAME = shaozhe;
				TargetAttributes = {
					6BA6A65E2252F6B800C97E8E = {
						CreatedOnToolsVersion = 10.1;
					};
					6BA6A6762252F6B900C97E8E = {
						CreatedOnToolsVersion = 10.1;
						TestTargetID = 6BA6A65E2252F6B800C97E8E;
					};
					6BA6A6812252F6B900C97E8E = {
						CreatedOnToolsVersion = 10.1;
						TestTargetID = 6BA6A65E2252F6B800C97E8E;
					};
				};
			};
			buildConfigurationList = 6BA6A65A2252F6B800C97E8E /* Build configuration list for PBXProject "SZAvoidCrash" */;
			compatibilityVersion = "Xcode 9.3";
			developmentRegion = en;
			hasScannedForEncodings = 0;
			knownRegions = (
				en,
				Base,
			);
			mainGroup = 6BA6A6562252F6B800C97E8E;
			productRefGroup = 6BA6A6602252F6B800C97E8E /* Products */;
			projectDirPath = "";
			projectRoot = "";
			targets = (
				6BA6A65E2252F6B800C97E8E /* SZAvoidCrash */,
				6BA6A6762252F6B900C97E8E /* SZAvoidCrashTests */,
				6BA6A6812252F6B900C97E8E /* SZAvoidCrashUITests */,
			);
		};
/* End PBXProject section */

/* Begin PBXResourcesBuildPhase section */
		6BA6A65D2252F6B800C97E8E /* Resources */ = {
			isa = PBXResourcesBuildPhase;
			buildActionMask = 2147483647;
			files = (
				6BA6A66F2252F6B900C97E8E /* LaunchScreen.storyboard in Resources */,
				6BA6A66C2252F6B900C97E8E /* Assets.xcassets in Resources */,
				6BA6A66A2252F6B800C97E8E /* Main.storyboard in Resources */,
			);
			runOnlyForDeploymentPostprocessing = 0;
		};
		6BA6A6752252F6B900C97E8E /* Resources */ = {
			isa = PBXResourcesBuildPhase;
			buildActionMask = 2147483647;
			files = (
			);
			runOnlyForDeploymentPostprocessing = 0;
		};
		6BA6A6802252F6B900C97E8E /* Resources */ = {
			isa = PBXResourcesBuildPhase;
			buildActionMask = 2147483647;
			files = (
			);
			runOnlyForDeploymentPostprocessing = 0;
		};
/* End PBXResourcesBuildPhase section */

/* Begin PBXSourcesBuildPhase section */
		6BA6A65B2252F6B800C97E8E /* Sources */ = {
			isa = PBXSourcesBuildPhase;
			buildActionMask = 2147483647;
			files = (
				6BA6A6672252F6B800C97E8E /* ViewController.m in Sources */,
				6BA6A6722252F6B900C97E8E /* main.m in Sources */,
				6BA6A6642252F6B800C97E8E /* AppDelegate.m in Sources */,
			);
			runOnlyForDeploymentPostprocessing = 0;
		};
		6BA6A6732252F6B900C97E8E /* Sources */ = {
			isa = PBXSourcesBuildPhase;
			buildActionMask = 2147483647;
			files = (
				6BA6A67C2252F6B900C97E8E /* SZAvoidCrashTests.m in Sources */,
			);
			runOnlyForDeploymentPostprocessing = 0;
		};
		6BA6A67E2252F6B900C97E8E /* Sources */ = {
			isa = PBXSourcesBuildPhase;
			buildActionMask = 2147483647;
			files = (
				6BA6A6872252F6B900C97E8E /* SZAvoidCrashUITests.m in Sources */,
			);
			runOnlyForDeploymentPostprocessing = 0;
		};
/* End PBXSourcesBuildPhase section */

/* Begin PBXTargetDependency section */
		6BA6A6792252F6B900C97E8E /* PBXTargetDependency */ = {
			isa = PBXTargetDependency;
			target = 6BA6A65E2252F6B800C97E8E /* SZAvoidCrash */;
			targetProxy = 6BA6A6782252F6B900C97E8E /* PBXContainerItemProxy */;
		};
		6BA6A6842252F6B900C97E8E /* PBXTargetDependency */ = {
			isa = PBXTargetDependency;
			target = 6BA6A65E2252F6B800C97E8E /* SZAvoidCrash */;
			targetProxy = 6BA6A6832252F6B900C97E8E /* PBXContainerItemProxy */;
		};
/* End PBXTargetDependency section */

/* Begin PBXVariantGroup section */
		6BA6A6682252F6B800C97E8E /* Main.storyboard */ = {
			isa = PBXVariantGroup;
			children = (
				6BA6A6692252F6B800C97E8E /* Base */,
			);
			name = Main.storyboard;
			sourceTree = "<group>";
		};
		6BA6A66D2252F6B900C97E8E /* LaunchScreen.storyboard */ = {
			isa = PBXVariantGroup;
			children = (
				6BA6A66E2252F6B900C97E8E /* Base */,
			);
			name = LaunchScreen.storyboard;
			sourceTree = "<group>";
		};
/* End PBXVariantGroup section */

/* Begin XCBuildConfiguration section */
		6BA6A6892252F6B900C97E8E /* Debug */ = {
			isa = XCBuildConfiguration;
			buildSettings = {
				ALWAYS_SEARCH_USER_PATHS = NO;
				CLANG_ANALYZER_NONNULL = YES;
				CLANG_ANALYZER_NUMBER_OBJECT_CONVERSION = YES_AGGRESSIVE;
				CLANG_CXX_LANGUAGE_STANDARD = "gnu++14";
				CLANG_CXX_LIBRARY = "libc++";
				CLANG_ENABLE_MODULES = YES;
				CLANG_ENABLE_OBJC_ARC = YES;
				CLANG_ENABLE_OBJC_WEAK = YES;
				CLANG_WARN_BLOCK_CAPTURE_AUTORELEASING = YES;
				CLANG_WARN_BOOL_CONVERSION = YES;
				CLANG_WARN_COMMA = YES;
				CLANG_WARN_CONSTANT_CONVERSION = YES;
				CLANG_WARN_DEPRECATED_OBJC_IMPLEMENTATIONS = YES;
				CLANG_WARN_DIRECT_OBJC_ISA_USAGE = YES_ERROR;
				CLANG_WARN_DOCUMENTATION_COMMENTS = YES;
				CLANG_WARN_EMPTY_BODY = YES;
				CLANG_WARN_ENUM_CONVERSION = YES;
				CLANG_WARN_INFINITE_RECURSION = YES;
				CLANG_WARN_INT_CONVERSION = YES;
				CLANG_WARN_NON_LITERAL_NULL_CONVERSION = YES;
				CLANG_WARN_OBJC_IMPLICIT_RETAIN_SELF = YES;
				CLANG_WARN_OBJC_LITERAL_CONVERSION = YES;
				CLANG_WARN_OBJC_ROOT_CLASS = YES_ERROR;
				CLANG_WARN_RANGE_LOOP_ANALYSIS = YES;
				CLANG_WARN_STRICT_PROTOTYPES = YES;
				CLANG_WARN_SUSPICIOUS_MOVE = YES;
				CLANG_WARN_UNGUARDED_AVAILABILITY = YES_AGGRESSIVE;
				CLANG_WARN_UNREACHABLE_CODE = YES;
				CLANG_WARN__DUPLICATE_METHOD_MATCH = YES;
				CODE_SIGN_IDENTITY = "iPhone Developer";
				COPY_PHASE_STRIP = NO;
				DEBUG_INFORMATION_FORMAT = dwarf;
				ENABLE_STRICT_OBJC_MSGSEND = YES;
				ENABLE_TESTABILITY = YES;
				GCC_C_LANGUAGE_STANDARD = gnu11;
				GCC_DYNAMIC_NO_PIC = NO;
				GCC_NO_COMMON_BLOCKS = YES;
				GCC_OPTIMIZATION_LEVEL = 0;
				GCC_PREPROCESSOR_DEFINITIONS = (
					"DEBUG=1",
					"$(inherited)",
				);
				GCC_WARN_64_TO_32_BIT_CONVERSION = YES;
				GCC_WARN_ABOUT_RETURN_TYPE = YES_ERROR;
				GCC_WARN_UNDECLARED_SELECTOR = YES;
				GCC_WARN_UNINITIALIZED_AUTOS = YES_AGGRESSIVE;
				GCC_WARN_UNUSED_FUNCTION = YES;
				GCC_WARN_UNUSED_VARIABLE = YES;
				IPHONEOS_DEPLOYMENT_TARGET = 12.1;
				MTL_ENABLE_DEBUG_INFO = INCLUDE_SOURCE;
				MTL_FAST_MATH = YES;
				ONLY_ACTIVE_ARCH = YES;
				SDKROOT = iphoneos;
			};
			name = Debug;
		};
		6BA6A68A2252F6B900C97E8E /* Release */ = {
			isa = XCBuildConfiguration;
			buildSettings = {
				ALWAYS_SEARCH_USER_PATHS = NO;
				CLANG_ANALYZER_NONNULL = YES;
				CLANG_ANALYZER_NUMBER_OBJECT_CONVERSION = YES_AGGRESSIVE;
				CLANG_CXX_LANGUAGE_STANDARD = "gnu++14";
				CLANG_CXX_LIBRARY = "libc++";
				CLANG_ENABLE_MODULES = YES;
				CLANG_ENABLE_OBJC_ARC = YES;
				CLANG_ENABLE_OBJC_WEAK = YES;
				CLANG_WARN_BLOCK_CAPTURE_AUTORELEASING = YES;
				CLANG_WARN_BOOL_CONVERSION = YES;
				CLANG_WARN_COMMA = YES;
				CLANG_WARN_CONSTANT_CONVERSION = YES;
				CLANG_WARN_DEPRECATED_OBJC_IMPLEMENTATIONS = YES;
				CLANG_WARN_DIRECT_OBJC_ISA_USAGE = YES_ERROR;
				CLANG_WARN_DOCUMENTATION_COMMENTS = YES;
				CLANG_WARN_EMPTY_BODY = YES;
				CLANG_WARN_ENUM_CONVERSION = YES;
				CLANG_WARN_INFINITE_RECURSION = YES;
				CLANG_WARN_INT_CONVERSION = YES;
				CLANG_WARN_NON_LITERAL_NULL_CONVERSION = YES;
				CLANG_WARN_OBJC_IMPLICIT_RETAIN_SELF = YES;
				CLANG_WARN_OBJC_LITERAL_CONVERSION = YES;
				CLANG_WARN_OBJC_ROOT_CLASS = YES_ERROR;
				CLANG_WARN_RANGE_LOOP_ANALYSIS = YES;
				CLANG_WARN_STRICT_PROTOTYPES = YES;
				CLANG_WARN_SUSPICIOUS_MOVE = YES;
				CLANG_WARN_UNGUARDED_AVAILABILITY = YES_AGGRESSIVE;
				CLANG_WARN_UNREACHABLE_CODE = YES;
				CLANG_WARN__DUPLICATE_METHOD_MATCH = YES;
				CODE_SIGN_IDENTITY = "iPhone Developer";
				COPY_PHASE_STRIP = NO;
				DEBUG_INFORMATION_FORMAT = "dwarf-with-dsym";
				ENABLE_NS_ASSERTIONS = NO;
				ENABLE_STRICT_OBJC_MSGSEND = YES;
				GCC_C_LANGUAGE_STANDARD = gnu11;
				GCC_NO_COMMON_BLOCKS = YES;
				GCC_WARN_64_TO_32_BIT_CONVERSION = YES;
				GCC_WARN_ABOUT_RETURN_TYPE = YES_ERROR;
				GCC_WARN_UNDECLARED_SELECTOR = YES;
				GCC_WARN_UNINITIALIZED_AUTOS = YES_AGGRESSIVE;
				GCC_WARN_UNUSED_FUNCTION = YES;
				GCC_WARN_UNUSED_VARIABLE = YES;
				IPHONEOS_DEPLOYMENT_TARGET = 12.1;
				MTL_ENABLE_DEBUG_INFO = NO;
				MTL_FAST_MATH = YES;
				SDKROOT = iphoneos;
				VALIDATE_PRODUCT = YES;
			};
			name = Release;
		};
		6BA6A68C2252F6B900C97E8E /* Debug */ = {
			isa = XCBuildConfiguration;
			buildSettings = {
				ASSETCATALOG_COMPILER_APPICON_NAME = AppIcon;
				CODE_SIGN_STYLE = Automatic;
				INFOPLIST_FILE = SZAvoidCrash/Info.plist;
				LD_RUNPATH_SEARCH_PATHS = (
					"$(inherited)",
					"@executable_path/Frameworks",
				);
				PRODUCT_BUNDLE_IDENTIFIER = sad.SZAvoidCrash;
				PRODUCT_NAME = "$(TARGET_NAME)";
				TARGETED_DEVICE_FAMILY = "1,2";
			};
			name = Debug;
		};
		6BA6A68D2252F6B900C97E8E /* Release */ = {
			isa = XCBuildConfiguration;
			buildSettings = {
				ASSETCATALOG_COMPILER_APPICON_NAME = AppIcon;
				CODE_SIGN_STYLE = Automatic;
				INFOPLIST_FILE = SZAvoidCrash/Info.plist;
				LD_RUNPATH_SEARCH_PATHS = (
					"$(inherited)",
					"@executable_path/Frameworks",
				);
				PRODUCT_BUNDLE_IDENTIFIER = sad.SZAvoidCrash;
				PRODUCT_NAME = "$(TARGET_NAME)";
				TARGETED_DEVICE_FAMILY = "1,2";
			};
			name = Release;
		};
		6BA6A68F2252F6B900C97E8E /* Debug */ = {
			isa = XCBuildConfiguration;
			buildSettings = {
				BUNDLE_LOADER = "$(TEST_HOST)";
				CODE_SIGN_STYLE = Automatic;
				INFOPLIST_FILE = SZAvoidCrashTests/Info.plist;
				LD_RUNPATH_SEARCH_PATHS = (
					"$(inherited)",
					"@executable_path/Frameworks",
					"@loader_path/Frameworks",
				);
				PRODUCT_BUNDLE_IDENTIFIER = sad.SZAvoidCrashTests;
				PRODUCT_NAME = "$(TARGET_NAME)";
				TARGETED_DEVICE_FAMILY = "1,2";
				TEST_HOST = "$(BUILT_PRODUCTS_DIR)/SZAvoidCrash.app/SZAvoidCrash";
			};
			name = Debug;
		};
		6BA6A6902252F6B900C97E8E /* Release */ = {
			isa = XCBuildConfiguration;
			buildSettings = {
				BUNDLE_LOADER = "$(TEST_HOST)";
				CODE_SIGN_STYLE = Automatic;
				INFOPLIST_FILE = SZAvoidCrashTests/Info.plist;
				LD_RUNPATH_SEARCH_PATHS = (
					"$(inherited)",
					"@executable_path/Frameworks",
					"@loader_path/Frameworks",
				);
				PRODUCT_BUNDLE_IDENTIFIER = sad.SZAvoidCrashTests;
				PRODUCT_NAME = "$(TARGET_NAME)";
				TARGETED_DEVICE_FAMILY = "1,2";
				TEST_HOST = "$(BUILT_PRODUCTS_DIR)/SZAvoidCrash.app/SZAvoidCrash";
			};
			name = Release;
		};
		6BA6A6922252F6B900C97E8E /* Debug */ = {
			isa = XCBuildConfiguration;
			buildSettings = {
				CODE_SIGN_STYLE = Automatic;
				INFOPLIST_FILE = SZAvoidCrashUITests/Info.plist;
				LD_RUNPATH_SEARCH_PATHS = (
					"$(inherited)",
					"@executable_path/Frameworks",
					"@loader_path/Frameworks",
				);
				PRODUCT_BUNDLE_IDENTIFIER = sad.SZAvoidCrashUITests;
				PRODUCT_NAME = "$(TARGET_NAME)";
				TARGETED_DEVICE_FAMILY = "1,2";
				TEST_TARGET_NAME = SZAvoidCrash;
			};
			name = Debug;
		};
		6BA6A6932252F6B900C97E8E /* Release */ = {
			isa = XCBuildConfiguration;
			buildSettings = {
				CODE_SIGN_STYLE = Automatic;
				INFOPLIST_FILE = SZAvoidCrashUITests/Info.plist;
				LD_RUNPATH_SEARCH_PATHS = (
					"$(inherited)",
					"@executable_path/Frameworks",
					"@loader_path/Frameworks",
				);
				PRODUCT_BUNDLE_IDENTIFIER = sad.SZAvoidCrashUITests;
				PRODUCT_NAME = "$(TARGET_NAME)";
				TARGETED_DEVICE_FAMILY = "1,2";
				TEST_TARGET_NAME = SZAvoidCrash;
			};
			name = Release;
		};
/* End XCBuildConfiguration section */

/* Begin XCConfigurationList section */
		6BA6A65A2252F6B800C97E8E /* Build configuration list for PBXProject "SZAvoidCrash" */ = {
			isa = XCConfigurationList;
			buildConfigurations = (
				6BA6A6892252F6B900C97E8E /* Debug */,
				6BA6A68A2252F6B900C97E8E /* Release */,
			);
			defaultConfigurationIsVisible = 0;
			defaultConfigurationName = Release;
		};
		6BA6A68B2252F6B900C97E8E /* Build configuration list for PBXNativeTarget "SZAvoidCrash" */ = {
			isa = XCConfigurationList;
			buildConfigurations = (
				6BA6A68C2252F6B900C97E8E /* Debug */,
				6BA6A68D2252F6B900C97E8E /* Release */,
			);
			defaultConfigurationIsVisible = 0;
			defaultConfigurationName = Release;
		};
		6BA6A68E2252F6B900C97E8E /* Build configuration list for PBXNativeTarget "SZAvoidCrashTests" */ = {
			isa = XCConfigurationList;
			buildConfigurations = (
				6BA6A68F2252F6B900C97E8E /* Debug */,
				6BA6A6902252F6B900C97E8E /* Release */,
			);
			defaultConfigurationIsVisible = 0;
			defaultConfigurationName = Release;
		};
		6BA6A6912252F6B900C97E8E /* Build configuration list for PBXNativeTarget "SZAvoidCrashUITests" */ = {
			isa = XCConfigurationList;
			buildConfigurations = (
				6BA6A6922252F6B900C97E8E /* Debug */,
				6BA6A6932252F6B900C97E8E /* Release */,
			);
			defaultConfigurationIsVisible = 0;
			defaultConfigurationName = Release;
		};
/* End XCConfigurationList section */
	};
	rootObject = 6BA6A6572252F6B800C97E8E /* Project object */;
}
